
Microsoft Visual Studio Solution File, Format Version 12.00
# Visual Studio 15
VisualStudioVersion = 15.0.27703.2035
MinimumVisualStudioVersion = 10.0.40219.1
Project("{888888A0-9F3D-457C-B088-3A5042F75D52}") = "VBAReports", "VBAReports\VBAReports.pyproj", "{5F5D3829-2A40-4282-BEDC-7E1108142423}"
EndProject
Global
	GlobalSection(SolutionConfigurationPlatforms) = preSolution
		Debug|Any CPU = Debug|Any CPU
		Release|Any CPU = Release|Any CPU
	EndGlobalSection
	GlobalSection(ProjectConfigurationPlatforms) = postSolution
		{5F5D3829-2A40-4282-BEDC-7E1108142423}.Debug|Any CPU.ActiveCfg = Debug|Any CPU
		{5F5D3829-2A40-4282-BEDC-7E1108142423}.Release|Any CPU.ActiveCfg = Release|Any CPU
	EndGlobalSection
	GlobalSection(SolutionProperties) = preSolution
		HideSolutionNode = FALSE
	EndGlobalSection
	GlobalSection(ExtensibilityGlobals) = postSolution
		SolutionGuid = {7E4BD328-2FCE-4578-A96E-882B3C39FCA9}
	EndGlobalSection
EndGlobal
